
Microsoft Visual Studio Solution File, Format Version 12.00
# Visual Studio Version 17
VisualStudioVersion = 17.14.36414.22
MinimumVisualStudioVersion = 10.0.40219.1
Project("{8BC9CEB8-8B4A-11D0-8D11-00A0C91BC942}") = "Project SDL", "Project SDL\Project SDL.vcxproj", "{B5D30693-21BD-4C6F-AB76-EC275775CBA1}"
EndProject
Global
	GlobalSection(SolutionConfigurationPlatforms) = preSolution
		Debug|x64 = Debug|x64
		Debug|x86 = Debug|x86
		Release|x64 = Release|x64
		Release|x86 = Release|x86
	EndGlobalSection
	GlobalSection(ProjectConfigurationPlatforms) = postSolution
		{B5D30693-21BD-4C6F-AB76-EC275775CBA1}.Debug|x64.ActiveCfg = Debug|x64
		{B5D30693-21BD-4C6F-AB76-EC275775CBA1}.Debug|x64.Build.0 = Debug|x64
		{B5D30693-21BD-4C6F-AB76-EC275775CBA1}.Debug|x86.ActiveCfg = Debug|Win32
		{B5D30693-21BD-4C6F-AB76-EC275775CBA1}.Debug|x86.Build.0 = Debug|Win32
		{B5D30693-21BD-4C6F-AB76-EC275775CBA1}.Release|x64.ActiveCfg = Release|x64
		{B5D30693-21BD-4C6F-AB76-EC275775CBA1}.Release|x64.Build.0 = Release|x64
		{B5D30693-21BD-4C6F-AB76-EC275775CBA1}.Release|x86.ActiveCfg = Release|Win32
		{B5D30693-21BD-4C6F-AB76-EC275775CBA1}.Release|x86.Build.0 = Release|Win32
	EndGlobalSection
	GlobalSection(SolutionProperties) = preSolution
		HideSolutionNode = FALSE
	EndGlobalSection
	GlobalSection(ExtensibilityGlobals) = postSolution
		SolutionGuid = {322BA626-BC75-4163-BA19-ED6DA451A92D}
	EndGlobalSection
EndGlobal
